
Microsoft Visual Studio Solution File, Format Version 12.00
# Visual Studio 14
VisualStudioVersion = 14.0.25420.1
MinimumVisualStudioVersion = 10.0.40219.1
Project("{8BC9CEB8-8B4A-11D0-8D11-00A0C91BC942}") = "libgraph", "libgraph\libgraph.vcxproj", "{5E5DA1D0-440F-45C3-937B-1D9115AB1FB6}"
EndProject
Project("{8BC9CEB8-8B4A-11D0-8D11-00A0C91BC942}") = "tests", "tests\tests.vcxproj", "{452C860D-D335-41EB-BA21-A7D0775D225E}"
EndProject
Global
	GlobalSection(SolutionConfigurationPlatforms) = preSolution
		Debug|x64 = Debug|x64
		Debug|x86 = Debug|x86
		Release|x64 = Release|x64
		Release|x86 = Release|x86
	EndGlobalSection
	GlobalSection(ProjectConfigurationPlatforms) = postSolution
		{5E5DA1D0-440F-45C3-937B-1D9115AB1FB6}.Debug|x64.ActiveCfg = Debug|x64
		{5E5DA1D0-440F-45C3-937B-1D9115AB1FB6}.Debug|x64.Build.0 = Debug|x64
		{5E5DA1D0-440F-45C3-937B-1D9115AB1FB6}.Debug|x86.ActiveCfg = Debug|Win32
		{5E5DA1D0-440F-45C3-937B-1D9115AB1FB6}.Debug|x86.Build.0 = Debug|Win32
		{5E5DA1D0-440F-45C3-937B-1D9115AB1FB6}.Release|x64.ActiveCfg = Release|x64
		{5E5DA1D0-440F-45C3-937B-1D9115AB1FB6}.Release|x64.Build.0 = Release|x64
		{5E5DA1D0-440F-45C3-937B-1D9115AB1FB6}.Release|x86.ActiveCfg = Release|Win32
		{5E5DA1D0-440F-45C3-937B-1D9115AB1FB6}.Release|x86.Build.0 = Release|Win32
		{452C860D-D335-41EB-BA21-A7D0775D225E}.Debug|x64.ActiveCfg = Debug|x64
		{452C860D-D335-41EB-BA21-A7D0775D225E}.Debug|x64.Build.0 = Debug|x64
		{452C860D-D335-41EB-BA21-A7D0775D225E}.Debug|x86.ActiveCfg = Debug|Win32
		{452C860D-D335-41EB-BA21-A7D0775D225E}.Debug|x86.Build.0 = Debug|Win32
		{452C860D-D335-41EB-BA21-A7D0775D225E}.Release|x64.ActiveCfg = Release|x64
		{452C860D-D335-41EB-BA21-A7D0775D225E}.Release|x64.Build.0 = Release|x64
		{452C860D-D335-41EB-BA21-A7D0775D225E}.Release|x86.ActiveCfg = Release|Win32
		{452C860D-D335-41EB-BA21-A7D0775D225E}.Release|x86.Build.0 = Release|Win32
	EndGlobalSection
	GlobalSection(SolutionProperties) = preSolution
		HideSolutionNode = FALSE
	EndGlobalSection
EndGlobal
